// !$*UTF8*$!
{
	archiveVersion = 1;
	classes = {
	};
	objectVersion = 55;
	objects = {

/* Begin PBXBuildFile section */
		3A0CC3A328C3093B00A74C6B /* LoginService.swift in Sources */ = {isa = PBXBuildFile; fileRef = 3A0CC3A228C3093B00A74C6B /* LoginService.swift */; };
		3A0CC3A628C3097300A74C6B /* KeychainAccess in Frameworks */ = {isa = PBXBuildFile; productRef = 3A0CC3A528C3097300A74C6B /* KeychainAccess */; };
		3A0CC3A828C3483500A74C6B /* LoginViewDelegateProtocol.swift in Sources */ = {isa = PBXBuildFile; fileRef = 3A0CC3A728C3483500A74C6B /* LoginViewDelegateProtocol.swift */; };
		3A3AA7A128C17A4800C90B68 /* BaseCoordinator.swift in Sources */ = {isa = PBXBuildFile; fileRef = 3A3AA7A028C17A4800C90B68 /* BaseCoordinator.swift */; };
		3A3AA7A428C17A7B00C90B68 /* CoordinatorProtocol.swift in Sources */ = {isa = PBXBuildFile; fileRef = 3A3AA7A328C17A7B00C90B68 /* CoordinatorProtocol.swift */; };
		3A3AA7A728C17D5500C90B68 /* FinishingCoordinatorProtocol.swift in Sources */ = {isa = PBXBuildFile; fileRef = 3A3AA7A628C17D5500C90B68 /* FinishingCoordinatorProtocol.swift */; };
		3A3AA7A928C1818400C90B68 /* ApplicationCoordinator.swift in Sources */ = {isa = PBXBuildFile; fileRef = 3A3AA7A828C1818400C90B68 /* ApplicationCoordinator.swift */; };
		3A3AA7AB28C181E900C90B68 /* LoginCoordinator.swift in Sources */ = {isa = PBXBuildFile; fileRef = 3A3AA7AA28C181E900C90B68 /* LoginCoordinator.swift */; };
		3A3AA7AD28C189B900C90B68 /* LoginViewController.swift in Sources */ = {isa = PBXBuildFile; fileRef = 3A3AA7AC28C189B900C90B68 /* LoginViewController.swift */; };
		3A3AA7AF28C18A6700C90B68 /* LoginView.swift in Sources */ = {isa = PBXBuildFile; fileRef = 3A3AA7AE28C18A6700C90B68 /* LoginView.swift */; };
		3A3AA7B128C194C200C90B68 /* SettingsViewController.swift in Sources */ = {isa = PBXBuildFile; fileRef = 3A3AA7B028C194C200C90B68 /* SettingsViewController.swift */; };
		3A3AA7B328C194D100C90B68 /* SettingsView.swift in Sources */ = {isa = PBXBuildFile; fileRef = 3A3AA7B228C194D100C90B68 /* SettingsView.swift */; };
		3A3AA7B528C1979D00C90B68 /* SettingsSortTableViewCell.swift in Sources */ = {isa = PBXBuildFile; fileRef = 3A3AA7B428C1979D00C90B68 /* SettingsSortTableViewCell.swift */; };
		3A3AA7B728C1AE2400C90B68 /* PhotoCoordinator.swift in Sources */ = {isa = PBXBuildFile; fileRef = 3A3AA7B628C1AE2400C90B68 /* PhotoCoordinator.swift */; };
		3A3AA7B928C1AE3F00C90B68 /* SettingsCoordinator.swift in Sources */ = {isa = PBXBuildFile; fileRef = 3A3AA7B828C1AE3F00C90B68 /* SettingsCoordinator.swift */; };
		3AA026CB28BED1AF0025C872 /* FileManagerService.swift in Sources */ = {isa = PBXBuildFile; fileRef = 3AA026CA28BED1AF0025C872 /* FileManagerService.swift */; };
		3AA026CD28BEF72A0025C872 /* PhotoTableViewCell.swift in Sources */ = {isa = PBXBuildFile; fileRef = 3AA026CC28BEF72A0025C872 /* PhotoTableViewCell.swift */; };
		3AB1B00E28BD8449008979F3 /* AppDelegate.swift in Sources */ = {isa = PBXBuildFile; fileRef = 3AB1B00D28BD8449008979F3 /* AppDelegate.swift */; };
		3AB1B01228BD8449008979F3 /* PhotoListViewController.swift in Sources */ = {isa = PBXBuildFile; fileRef = 3AB1B01128BD8449008979F3 /* PhotoListViewController.swift */; };
		3AB1B01728BD844E008979F3 /* Assets.xcassets in Resources */ = {isa = PBXBuildFile; fileRef = 3AB1B01628BD844E008979F3 /* Assets.xcassets */; };
		3AB1B01A28BD844E008979F3 /* LaunchScreen.storyboard in Resources */ = {isa = PBXBuildFile; fileRef = 3AB1B01828BD844E008979F3 /* LaunchScreen.storyboard */; };
		3AB1B02528BDAE82008979F3 /* PhotoListView.swift in Sources */ = {isa = PBXBuildFile; fileRef = 3AB1B02428BDAE82008979F3 /* PhotoListView.swift */; };
/* End PBXBuildFile section */

/* Begin PBXFileReference section */
		3A0CC3A228C3093B00A74C6B /* LoginService.swift */ = {isa = PBXFileReference; lastKnownFileType = sourcecode.swift; path = LoginService.swift; sourceTree = "<group>"; };
		3A0CC3A728C3483500A74C6B /* LoginViewDelegateProtocol.swift */ = {isa = PBXFileReference; lastKnownFileType = sourcecode.swift; path = LoginViewDelegateProtocol.swift; sourceTree = "<group>"; };
		3A3AA7A028C17A4800C90B68 /* BaseCoordinator.swift */ = {isa = PBXFileReference; lastKnownFileType = sourcecode.swift; path = BaseCoordinator.swift; sourceTree = "<group>"; };
		3A3AA7A328C17A7B00C90B68 /* CoordinatorProtocol.swift */ = {isa = PBXFileReference; lastKnownFileType = sourcecode.swift; path = CoordinatorProtocol.swift; sourceTree = "<group>"; };
		3A3AA7A628C17D5500C90B68 /* FinishingCoordinatorProtocol.swift */ = {isa = PBXFileReference; lastKnownFileType = sourcecode.swift; path = FinishingCoordinatorProtocol.swift; sourceTree = "<group>"; };
		3A3AA7A828C1818400C90B68 /* ApplicationCoordinator.swift */ = {isa = PBXFileReference; lastKnownFileType = sourcecode.swift; path = ApplicationCoordinator.swift; sourceTree = "<group>"; };
		3A3AA7AA28C181E900C90B68 /* LoginCoordinator.swift */ = {isa = PBXFileReference; lastKnownFileType = sourcecode.swift; path = LoginCoordinator.swift; sourceTree = "<group>"; };
		3A3AA7AC28C189B900C90B68 /* LoginViewController.swift */ = {isa = PBXFileReference; lastKnownFileType = sourcecode.swift; path = LoginViewController.swift; sourceTree = "<group>"; };
		3A3AA7AE28C18A6700C90B68 /* LoginView.swift */ = {isa = PBXFileReference; lastKnownFileType = sourcecode.swift; path = LoginView.swift; sourceTree = "<group>"; };
		3A3AA7B028C194C200C90B68 /* SettingsViewController.swift */ = {isa = PBXFileReference; lastKnownFileType = sourcecode.swift; path = SettingsViewController.swift; sourceTree = "<group>"; };
		3A3AA7B228C194D100C90B68 /* SettingsView.swift */ = {isa = PBXFileReference; lastKnownFileType = sourcecode.swift; path = SettingsView.swift; sourceTree = "<group>"; };
		3A3AA7B428C1979D00C90B68 /* SettingsSortTableViewCell.swift */ = {isa = PBXFileReference; lastKnownFileType = sourcecode.swift; path = SettingsSortTableViewCell.swift; sourceTree = "<group>"; };
		3A3AA7B628C1AE2400C90B68 /* PhotoCoordinator.swift */ = {isa = PBXFileReference; lastKnownFileType = sourcecode.swift; path = PhotoCoordinator.swift; sourceTree = "<group>"; };
		3A3AA7B828C1AE3F00C90B68 /* SettingsCoordinator.swift */ = {isa = PBXFileReference; lastKnownFileType = sourcecode.swift; path = SettingsCoordinator.swift; sourceTree = "<group>"; };
		3AA026CA28BED1AF0025C872 /* FileManagerService.swift */ = {isa = PBXFileReference; lastKnownFileType = sourcecode.swift; path = FileManagerService.swift; sourceTree = "<group>"; };
		3AA026CC28BEF72A0025C872 /* PhotoTableViewCell.swift */ = {isa = PBXFileReference; lastKnownFileType = sourcecode.swift; path = PhotoTableViewCell.swift; sourceTree = "<group>"; };
		3AB1B00A28BD8449008979F3 /* displayContentApp.app */ = {isa = PBXFileReference; explicitFileType = wrapper.application; includeInIndex = 0; path = displayContentApp.app; sourceTree = BUILT_PRODUCTS_DIR; };
		3AB1B00D28BD8449008979F3 /* AppDelegate.swift */ = {isa = PBXFileReference; lastKnownFileType = sourcecode.swift; path = AppDelegate.swift; sourceTree = "<group>"; };
		3AB1B01128BD8449008979F3 /* PhotoListViewController.swift */ = {isa = PBXFileReference; lastKnownFileType = sourcecode.swift; path = PhotoListViewController.swift; sourceTree = "<group>"; };
		3AB1B01628BD844E008979F3 /* Assets.xcassets */ = {isa = PBXFileReference; lastKnownFileType = folder.assetcatalog; path = Assets.xcassets; sourceTree = "<group>"; };
		3AB1B01928BD844E008979F3 /* Base */ = {isa = PBXFileReference; lastKnownFileType = file.storyboard; name = Base; path = Base.lproj/LaunchScreen.storyboard; sourceTree = "<group>"; };
		3AB1B01B28BD844E008979F3 /* Info.plist */ = {isa = PBXFileReference; lastKnownFileType = text.plist.xml; path = Info.plist; sourceTree = "<group>"; };
		3AB1B02428BDAE82008979F3 /* PhotoListView.swift */ = {isa = PBXFileReference; lastKnownFileType = sourcecode.swift; path = PhotoListView.swift; sourceTree = "<group>"; };
/* End PBXFileReference section */

/* Begin PBXFrameworksBuildPhase section */
		3AB1B00728BD8449008979F3 /* Frameworks */ = {
			isa = PBXFrameworksBuildPhase;
			buildActionMask = 2147483647;
			files = (
				3A0CC3A628C3097300A74C6B /* KeychainAccess in Frameworks */,
			);
			runOnlyForDeploymentPostprocessing = 0;
		};
/* End PBXFrameworksBuildPhase section */

/* Begin PBXGroup section */
		3A3AA79F28C179F500C90B68 /* Coordinators */ = {
			isa = PBXGroup;
			children = (
				3A3AA7A028C17A4800C90B68 /* BaseCoordinator.swift */,
				3A3AA7AA28C181E900C90B68 /* LoginCoordinator.swift */,
				3A3AA7A828C1818400C90B68 /* ApplicationCoordinator.swift */,
				3A3AA7B628C1AE2400C90B68 /* PhotoCoordinator.swift */,
				3A3AA7B828C1AE3F00C90B68 /* SettingsCoordinator.swift */,
			);
			path = Coordinators;
			sourceTree = "<group>";
		};
		3A3AA7A228C17A5100C90B68 /* Protocols */ = {
			isa = PBXGroup;
			children = (
				3A3AA7A328C17A7B00C90B68 /* CoordinatorProtocol.swift */,
				3A3AA7A628C17D5500C90B68 /* FinishingCoordinatorProtocol.swift */,
				3A0CC3A728C3483500A74C6B /* LoginViewDelegateProtocol.swift */,
			);
			path = Protocols;
			sourceTree = "<group>";
		};
		3A3AA7A528C17A8100C90B68 /* Services */ = {
			isa = PBXGroup;
			children = (
				3AA026CA28BED1AF0025C872 /* FileManagerService.swift */,
				3A0CC3A228C3093B00A74C6B /* LoginService.swift */,
			);
			path = Services;
			sourceTree = "<group>";
		};
		3AB1B00128BD8449008979F3 = {
			isa = PBXGroup;
			children = (
				3AB1B00C28BD8449008979F3 /* displayContentApp */,
				3AB1B00B28BD8449008979F3 /* Products */,
			);
			sourceTree = "<group>";
		};
		3AB1B00B28BD8449008979F3 /* Products */ = {
			isa = PBXGroup;
			children = (
				3AB1B00A28BD8449008979F3 /* displayContentApp.app */,
			);
			name = Products;
			sourceTree = "<group>";
		};
		3AB1B00C28BD8449008979F3 /* displayContentApp */ = {
			isa = PBXGroup;
			children = (
				3A3AA79F28C179F500C90B68 /* Coordinators */,
				3AB1B02228BDAD07008979F3 /* Models */,
				3AB1B02328BDAD10008979F3 /* Views */,
				3AB1B02128BDACF3008979F3 /* Controllers */,
				3AB1B00D28BD8449008979F3 /* AppDelegate.swift */,
				3AB1B01628BD844E008979F3 /* Assets.xcassets */,
				3AB1B01828BD844E008979F3 /* LaunchScreen.storyboard */,
				3AB1B01B28BD844E008979F3 /* Info.plist */,
			);
			path = displayContentApp;
			sourceTree = "<group>";
		};
		3AB1B02128BDACF3008979F3 /* Controllers */ = {
			isa = PBXGroup;
			children = (
				3A3AA7AC28C189B900C90B68 /* LoginViewController.swift */,
				3AB1B01128BD8449008979F3 /* PhotoListViewController.swift */,
				3A3AA7B028C194C200C90B68 /* SettingsViewController.swift */,
			);
			path = Controllers;
			sourceTree = "<group>";
		};
		3AB1B02228BDAD07008979F3 /* Models */ = {
			isa = PBXGroup;
			children = (
				3A3AA7A528C17A8100C90B68 /* Services */,
				3A3AA7A228C17A5100C90B68 /* Protocols */,
			);
			path = Models;
			sourceTree = "<group>";
		};
		3AB1B02328BDAD10008979F3 /* Views */ = {
			isa = PBXGroup;
			children = (
				3A3AA7AE28C18A6700C90B68 /* LoginView.swift */,
				3AB1B02428BDAE82008979F3 /* PhotoListView.swift */,
				3A3AA7B228C194D100C90B68 /* SettingsView.swift */,
				3A3AA7B428C1979D00C90B68 /* SettingsSortTableViewCell.swift */,
				3AA026CC28BEF72A0025C872 /* PhotoTableViewCell.swift */,
			);
			path = Views;
			sourceTree = "<group>";
		};
/* End PBXGroup section */

/* Begin PBXNativeTarget section */
		3AB1B00928BD8449008979F3 /* displayContentApp */ = {
			isa = PBXNativeTarget;
			buildConfigurationList = 3AB1B01E28BD844E008979F3 /* Build configuration list for PBXNativeTarget "displayContentApp" */;
			buildPhases = (
				3AB1B00628BD8449008979F3 /* Sources */,
				3AB1B00728BD8449008979F3 /* Frameworks */,
				3AB1B00828BD8449008979F3 /* Resources */,
			);
			buildRules = (
			);
			dependencies = (
			);
			name = displayContentApp;
			packageProductDependencies = (
				3A0CC3A528C3097300A74C6B /* KeychainAccess */,
			);
			productName = displayContentApp;
			productReference = 3AB1B00A28BD8449008979F3 /* displayContentApp.app */;
			productType = "com.apple.product-type.application";
		};
/* End PBXNativeTarget section */

/* Begin PBXProject section */
		3AB1B00228BD8449008979F3 /* Project object */ = {
			isa = PBXProject;
			attributes = {
				BuildIndependentTargetsInParallel = 1;
				LastSwiftUpdateCheck = 1340;
				LastUpgradeCheck = 1340;
				TargetAttributes = {
					3AB1B00928BD8449008979F3 = {
						CreatedOnToolsVersion = 13.4.1;
					};
				};
			};
			buildConfigurationList = 3AB1B00528BD8449008979F3 /* Build configuration list for PBXProject "displayContentApp" */;
			compatibilityVersion = "Xcode 13.0";
			developmentRegion = en;
			hasScannedForEncodings = 0;
			knownRegions = (
				en,
				Base,
			);
			mainGroup = 3AB1B00128BD8449008979F3;
			packageReferences = (
				3A0CC3A428C3097300A74C6B /* XCRemoteSwiftPackageReference "KeychainAccess" */,
			);
			productRefGroup = 3AB1B00B28BD8449008979F3 /* Products */;
			projectDirPath = "";
			projectRoot = "";
			targets = (
				3AB1B00928BD8449008979F3 /* displayContentApp */,
			);
		};
/* End PBXProject section */

/* Begin PBXResourcesBuildPhase section */
		3AB1B00828BD8449008979F3 /* Resources */ = {
			isa = PBXResourcesBuildPhase;
			buildActionMask = 2147483647;
			files = (
				3AB1B01A28BD844E008979F3 /* LaunchScreen.storyboard in Resources */,
				3AB1B01728BD844E008979F3 /* Assets.xcassets in Resources */,
			);
			runOnlyForDeploymentPostprocessing = 0;
		};
/* End PBXResourcesBuildPhase section */

/* Begin PBXSourcesBuildPhase section */
		3AB1B00628BD8449008979F3 /* Sources */ = {
			isa = PBXSourcesBuildPhase;
			buildActionMask = 2147483647;
			files = (
				3A3AA7A428C17A7B00C90B68 /* CoordinatorProtocol.swift in Sources */,
				3AA026CD28BEF72A0025C872 /* PhotoTableViewCell.swift in Sources */,
				3A3AA7AB28C181E900C90B68 /* LoginCoordinator.swift in Sources */,
				3A3AA7A728C17D5500C90B68 /* FinishingCoordinatorProtocol.swift in Sources */,
				3A3AA7A128C17A4800C90B68 /* BaseCoordinator.swift in Sources */,
				3AB1B01228BD8449008979F3 /* PhotoListViewController.swift in Sources */,
				3A3AA7AF28C18A6700C90B68 /* LoginView.swift in Sources */,
				3A3AA7B328C194D100C90B68 /* SettingsView.swift in Sources */,
				3A3AA7B528C1979D00C90B68 /* SettingsSortTableViewCell.swift in Sources */,
				3A3AA7A928C1818400C90B68 /* ApplicationCoordinator.swift in Sources */,
				3AB1B00E28BD8449008979F3 /* AppDelegate.swift in Sources */,
				3AB1B02528BDAE82008979F3 /* PhotoListView.swift in Sources */,
				3A3AA7B928C1AE3F00C90B68 /* SettingsCoordinator.swift in Sources */,
				3A0CC3A828C3483500A74C6B /* LoginViewDelegateProtocol.swift in Sources */,
				3A0CC3A328C3093B00A74C6B /* LoginService.swift in Sources */,
				3A3AA7B128C194C200C90B68 /* SettingsViewController.swift in Sources */,
				3AA026CB28BED1AF0025C872 /* FileManagerService.swift in Sources */,
				3A3AA7AD28C189B900C90B68 /* LoginViewController.swift in Sources */,
				3A3AA7B728C1AE2400C90B68 /* PhotoCoordinator.swift in Sources */,
			);
			runOnlyForDeploymentPostprocessing = 0;
		};
/* End PBXSourcesBuildPhase section */

/* Begin PBXVariantGroup section */
		3AB1B01828BD844E008979F3 /* LaunchScreen.storyboard */ = {
			isa = PBXVariantGroup;
			children = (
				3AB1B01928BD844E008979F3 /* Base */,
			);
			name = LaunchScreen.storyboard;
			sourceTree = "<group>";
		};
/* End PBXVariantGroup section */

/* Begin XCBuildConfiguration section */
		3AB1B01C28BD844E008979F3 /* Debug */ = {
			isa = XCBuildConfiguration;
			buildSettings = {
				ALWAYS_SEARCH_USER_PATHS = NO;
				CLANG_ANALYZER_NONNULL = YES;
				CLANG_ANALYZER_NUMBER_OBJECT_CONVERSION = YES_AGGRESSIVE;
				CLANG_CXX_LANGUAGE_STANDARD = "gnu++17";
				CLANG_ENABLE_MODULES = YES;
				CLANG_ENABLE_OBJC_ARC = YES;
				CLANG_ENABLE_OBJC_WEAK = YES;
				CLANG_WARN_BLOCK_CAPTURE_AUTORELEASING = YES;
				CLANG_WARN_BOOL_CONVERSION = YES;
				CLANG_WARN_COMMA = YES;
				CLANG_WARN_CONSTANT_CONVERSION = YES;
				CLANG_WARN_DEPRECATED_OBJC_IMPLEMENTATIONS = YES;
				CLANG_WARN_DIRECT_OBJC_ISA_USAGE = YES_ERROR;
				CLANG_WARN_DOCUMENTATION_COMMENTS = YES;
				CLANG_WARN_EMPTY_BODY = YES;
				CLANG_WARN_ENUM_CONVERSION = YES;
				CLANG_WARN_INFINITE_RECURSION = YES;
				CLANG_WARN_INT_CONVERSION = YES;
				CLANG_WARN_NON_LITERAL_NULL_CONVERSION = YES;
				CLANG_WARN_OBJC_IMPLICIT_RETAIN_SELF = YES;
				CLANG_WARN_OBJC_LITERAL_CONVERSION = YES;
				CLANG_WARN_OBJC_ROOT_CLASS = YES_ERROR;
				CLANG_WARN_QUOTED_INCLUDE_IN_FRAMEWORK_HEADER = YES;
				CLANG_WARN_RANGE_LOOP_ANALYSIS = YES;
				CLANG_WARN_STRICT_PROTOTYPES = YES;
				CLANG_WARN_SUSPICIOUS_MOVE = YES;
				CLANG_WARN_UNGUARDED_AVAILABILITY = YES_AGGRESSIVE;
				CLANG_WARN_UNREACHABLE_CODE = YES;
				CLANG_WARN__DUPLICATE_METHOD_MATCH = YES;
				COPY_PHASE_STRIP = NO;
				DEBUG_INFORMATION_FORMAT = dwarf;
				ENABLE_STRICT_OBJC_MSGSEND = YES;
				ENABLE_TESTABILITY = YES;
				GCC_C_LANGUAGE_STANDARD = gnu11;
				GCC_DYNAMIC_NO_PIC = NO;
				GCC_NO_COMMON_BLOCKS = YES;
				GCC_OPTIMIZATION_LEVEL = 0;
				GCC_PREPROCESSOR_DEFINITIONS = (
					"DEBUG=1",
					"$(inherited)",
				);
				GCC_WARN_64_TO_32_BIT_CONVERSION = YES;
				GCC_WARN_ABOUT_RETURN_TYPE = YES_ERROR;
				GCC_WARN_UNDECLARED_SELECTOR = YES;
				GCC_WARN_UNINITIALIZED_AUTOS = YES_AGGRESSIVE;
				GCC_WARN_UNUSED_FUNCTION = YES;
				GCC_WARN_UNUSED_VARIABLE = YES;
				IPHONEOS_DEPLOYMENT_TARGET = 15.5;
				MTL_ENABLE_DEBUG_INFO = INCLUDE_SOURCE;
				MTL_FAST_MATH = YES;
				ONLY_ACTIVE_ARCH = YES;
				SDKROOT = iphoneos;
				SWIFT_ACTIVE_COMPILATION_CONDITIONS = DEBUG;
				SWIFT_OPTIMIZATION_LEVEL = "-Onone";
			};
			name = Debug;
		};
		3AB1B01D28BD844E008979F3 /* Release */ = {
			isa = XCBuildConfiguration;
			buildSettings = {
				ALWAYS_SEARCH_USER_PATHS = NO;
				CLANG_ANALYZER_NONNULL = YES;
				CLANG_ANALYZER_NUMBER_OBJECT_CONVERSION = YES_AGGRESSIVE;
				CLANG_CXX_LANGUAGE_STANDARD = "gnu++17";
				CLANG_ENABLE_MODULES = YES;
				CLANG_ENABLE_OBJC_ARC = YES;
				CLANG_ENABLE_OBJC_WEAK = YES;
				CLANG_WARN_BLOCK_CAPTURE_AUTORELEASING = YES;
				CLANG_WARN_BOOL_CONVERSION = YES;
				CLANG_WARN_COMMA = YES;
				CLANG_WARN_CONSTANT_CONVERSION = YES;
				CLANG_WARN_DEPRECATED_OBJC_IMPLEMENTATIONS = YES;
				CLANG_WARN_DIRECT_OBJC_ISA_USAGE = YES_ERROR;
				CLANG_WARN_DOCUMENTATION_COMMENTS = YES;
				CLANG_WARN_EMPTY_BODY = YES;
				CLANG_WARN_ENUM_CONVERSION = YES;
				CLANG_WARN_INFINITE_RECURSION = YES;
				CLANG_WARN_INT_CONVERSION = YES;
				CLANG_WARN_NON_LITERAL_NULL_CONVERSION = YES;
				CLANG_WARN_OBJC_IMPLICIT_RETAIN_SELF = YES;
				CLANG_WARN_OBJC_LITERAL_CONVERSION = YES;
				CLANG_WARN_OBJC_ROOT_CLASS = YES_ERROR;
				CLANG_WARN_QUOTED_INCLUDE_IN_FRAMEWORK_HEADER = YES;
				CLANG_WARN_RANGE_LOOP_ANALYSIS = YES;
				CLANG_WARN_STRICT_PROTOTYPES = YES;
				CLANG_WARN_SUSPICIOUS_MOVE = YES;
				CLANG_WARN_UNGUARDED_AVAILABILITY = YES_AGGRESSIVE;
				CLANG_WARN_UNREACHABLE_CODE = YES;
				CLANG_WARN__DUPLICATE_METHOD_MATCH = YES;
				COPY_PHASE_STRIP = NO;
				DEBUG_INFORMATION_FORMAT = "dwarf-with-dsym";
				ENABLE_NS_ASSERTIONS = NO;
				ENABLE_STRICT_OBJC_MSGSEND = YES;
				GCC_C_LANGUAGE_STANDARD = gnu11;
				GCC_NO_COMMON_BLOCKS = YES;
				GCC_WARN_64_TO_32_BIT_CONVERSION = YES;
				GCC_WARN_ABOUT_RETURN_TYPE = YES_ERROR;
				GCC_WARN_UNDECLARED_SELECTOR = YES;
				GCC_WARN_UNINITIALIZED_AUTOS = YES_AGGRESSIVE;
				GCC_WARN_UNUSED_FUNCTION = YES;
				GCC_WARN_UNUSED_VARIABLE = YES;
				IPHONEOS_DEPLOYMENT_TARGET = 15.5;
				MTL_ENABLE_DEBUG_INFO = NO;
				MTL_FAST_MATH = YES;
				SDKROOT = iphoneos;
				SWIFT_COMPILATION_MODE = wholemodule;
				SWIFT_OPTIMIZATION_LEVEL = "-O";
				VALIDATE_PRODUCT = YES;
			};
			name = Release;
		};
		3AB1B01F28BD844E008979F3 /* Debug */ = {
			isa = XCBuildConfiguration;
			buildSettings = {
				ASSETCATALOG_COMPILER_APPICON_NAME = AppIcon;
				ASSETCATALOG_COMPILER_GLOBAL_ACCENT_COLOR_NAME = AccentColor;
				CODE_SIGN_STYLE = Automatic;
				CURRENT_PROJECT_VERSION = 1;
				DEVELOPMENT_TEAM = ZJS3C7TK6M;
				GENERATE_INFOPLIST_FILE = YES;
				INFOPLIST_FILE = displayContentApp/Info.plist;
				INFOPLIST_KEY_UIApplicationSupportsIndirectInputEvents = YES;
				INFOPLIST_KEY_UILaunchStoryboardName = LaunchScreen;
				INFOPLIST_KEY_UISupportedInterfaceOrientations_iPad = "UIInterfaceOrientationPortrait UIInterfaceOrientationPortraitUpsideDown UIInterfaceOrientationLandscapeLeft UIInterfaceOrientationLandscapeRight";
				INFOPLIST_KEY_UISupportedInterfaceOrientations_iPhone = "UIInterfaceOrientationPortrait UIInterfaceOrientationLandscapeLeft UIInterfaceOrientationLandscapeRight";
				LD_RUNPATH_SEARCH_PATHS = (
					"$(inherited)",
					"@executable_path/Frameworks",
				);
				MARKETING_VERSION = 1.0;
				PRODUCT_BUNDLE_IDENTIFIER = com.cheshireJobs.displayContentApp;
				PRODUCT_NAME = "$(TARGET_NAME)";
				SWIFT_EMIT_LOC_STRINGS = YES;
				SWIFT_VERSION = 5.0;
				TARGETED_DEVICE_FAMILY = "1,2";
			};
			name = Debug;
		};
		3AB1B02028BD844E008979F3 /* Release */ = {
			isa = XCBuildConfiguration;
			buildSettings = {
				ASSETCATALOG_COMPILER_APPICON_NAME = AppIcon;
				ASSETCATALOG_COMPILER_GLOBAL_ACCENT_COLOR_NAME = AccentColor;
				CODE_SIGN_STYLE = Automatic;
				CURRENT_PROJECT_VERSION = 1;
				DEVELOPMENT_TEAM = ZJS3C7TK6M;
				GENERATE_INFOPLIST_FILE = YES;
				INFOPLIST_FILE = displayContentApp/Info.plist;
				INFOPLIST_KEY_UIApplicationSupportsIndirectInputEvents = YES;
				INFOPLIST_KEY_UILaunchStoryboardName = LaunchScreen;
				INFOPLIST_KEY_UISupportedInterfaceOrientations_iPad = "UIInterfaceOrientationPortrait UIInterfaceOrientationPortraitUpsideDown UIInterfaceOrientationLandscapeLeft UIInterfaceOrientationLandscapeRight";
				INFOPLIST_KEY_UISupportedInterfaceOrientations_iPhone = "UIInterfaceOrientationPortrait UIInterfaceOrientationLandscapeLeft UIInterfaceOrientationLandscapeRight";
				LD_RUNPATH_SEARCH_PATHS = (
					"$(inherited)",
					"@executable_path/Frameworks",
				);
				MARKETING_VERSION = 1.0;
				PRODUCT_BUNDLE_IDENTIFIER = com.cheshireJobs.displayContentApp;
				PRODUCT_NAME = "$(TARGET_NAME)";
				SWIFT_EMIT_LOC_STRINGS = YES;
				SWIFT_VERSION = 5.0;
				TARGETED_DEVICE_FAMILY = "1,2";
			};
			name = Release;
		};
/* End XCBuildConfiguration section */

/* Begin XCConfigurationList section */
		3AB1B00528BD8449008979F3 /* Build configuration list for PBXProject "displayContentApp" */ = {
			isa = XCConfigurationList;
			buildConfigurations = (
				3AB1B01C28BD844E008979F3 /* Debug */,
				3AB1B01D28BD844E008979F3 /* Release */,
			);
			defaultConfigurationIsVisible = 0;
			defaultConfigurationName = Release;
		};
		3AB1B01E28BD844E008979F3 /* Build configuration list for PBXNativeTarget "displayContentApp" */ = {
			isa = XCConfigurationList;
			buildConfigurations = (
				3AB1B01F28BD844E008979F3 /* Debug */,
				3AB1B02028BD844E008979F3 /* Release */,
			);
			defaultConfigurationIsVisible = 0;
			defaultConfigurationName = Release;
		};
/* End XCConfigurationList section */

/* Begin XCRemoteSwiftPackageReference section */
		3A0CC3A428C3097300A74C6B /* XCRemoteSwiftPackageReference "KeychainAccess" */ = {
			isa = XCRemoteSwiftPackageReference;
			repositoryURL = "https://github.com/kishikawakatsumi/KeychainAccess.git";
			requirement = {
				branch = master;
				kind = branch;
			};
		};
/* End XCRemoteSwiftPackageReference section */

/* Begin XCSwiftPackageProductDependency section */
		3A0CC3A528C3097300A74C6B /* KeychainAccess */ = {
			isa = XCSwiftPackageProductDependency;
			package = 3A0CC3A428C3097300A74C6B /* XCRemoteSwiftPackageReference "KeychainAccess" */;
			productName = KeychainAccess;
		};
/* End XCSwiftPackageProductDependency section */
	};
	rootObject = 3AB1B00228BD8449008979F3 /* Project object */;
}
